
Microsoft Visual Studio Solution File, Format Version 12.00
# Visual Studio Version 17
VisualStudioVersion = 17.9.34728.123
MinimumVisualStudioVersion = 10.0.40219.1
Project("{9A19103F-16F7-4668-BE54-9A1E7A4F7556}") = "PolyhydraGames.RACheevos.Test", "src\Cheevos.Tests\PolyhydraGames.RACheevos.Test.csproj", "{19C761F3-08E3-47E6-A34C-10E2C3B3D1AA}"
EndProject
Project("{9A19103F-16F7-4668-BE54-9A1E7A4F7556}") = "PolyhydraGames.RACheevos", "src\Cheevos\PolyhydraGames.RACheevos.csproj", "{2A4DBCDE-C87E-43DC-807D-14B99BF2A62F}"
EndProject
Project("{2150E333-8FDC-42A3-9474-1A3956D46DE8}") = "files", "files", "{3AF77599-53C2-4C83-A4DA-657D51D805B0}"
	ProjectSection(SolutionItems) = preProject
		directory.build.props = directory.build.props
		README.md = README.md
	EndProjectSection
EndProject
Global
	GlobalSection(SolutionConfigurationPlatforms) = preSolution
		Debug|Any CPU = Debug|Any CPU
		Release|Any CPU = Release|Any CPU
	EndGlobalSection
	GlobalSection(ProjectConfigurationPlatforms) = postSolution
		{19C761F3-08E3-47E6-A34C-10E2C3B3D1AA}.Debug|Any CPU.ActiveCfg = Debug|Any CPU
		{19C761F3-08E3-47E6-A34C-10E2C3B3D1AA}.Debug|Any CPU.Build.0 = Debug|Any CPU
		{19C761F3-08E3-47E6-A34C-10E2C3B3D1AA}.Release|Any CPU.ActiveCfg = Release|Any CPU
		{19C761F3-08E3-47E6-A34C-10E2C3B3D1AA}.Release|Any CPU.Build.0 = Release|Any CPU
		{2A4DBCDE-C87E-43DC-807D-14B99BF2A62F}.Debug|Any CPU.ActiveCfg = Debug|Any CPU
		{2A4DBCDE-C87E-43DC-807D-14B99BF2A62F}.Debug|Any CPU.Build.0 = Debug|Any CPU
		{2A4DBCDE-C87E-43DC-807D-14B99BF2A62F}.Release|Any CPU.ActiveCfg = Release|Any CPU
		{2A4DBCDE-C87E-43DC-807D-14B99BF2A62F}.Release|Any CPU.Build.0 = Release|Any CPU
	EndGlobalSection
	GlobalSection(SolutionProperties) = preSolution
		HideSolutionNode = FALSE
	EndGlobalSection
	GlobalSection(ExtensibilityGlobals) = postSolution
		SolutionGuid = {271F58AA-7D29-45BC-8D4C-4DA964F2480B}
	EndGlobalSection
EndGlobal
